// !$*UTF8*$!
{
	archiveVersion = 1;
	classes = {
	};
	objectVersion = 56;
	objects = {

/* Begin PBXBuildFile section */
		A3AAB8BE2C8FE62D0011DE9F /* AppDelegate.swift in Sources */ = {isa = PBXBuildFile; fileRef = A3AAB8BD2C8FE62D0011DE9F /* AppDelegate.swift */; };
		A3AAB8C02C8FE62D0011DE9F /* SceneDelegate.swift in Sources */ = {isa = PBXBuildFile; fileRef = A3AAB8BF2C8FE62D0011DE9F /* SceneDelegate.swift */; };
		A3AAB8C22C8FE62D0011DE9F /* ViewController.swift in Sources */ = {isa = PBXBuildFile; fileRef = A3AAB8C12C8FE62D0011DE9F /* ViewController.swift */; };
		A3AAB8C52C8FE62D0011DE9F /* Base in Resources */ = {isa = PBXBuildFile; fileRef = A3AAB8C42C8FE62D0011DE9F /* Base */; };
		A3AAB8C72C8FE62E0011DE9F /* Assets.xcassets in Resources */ = {isa = PBXBuildFile; fileRef = A3AAB8C62C8FE62E0011DE9F /* Assets.xcassets */; };
		A3AAB8CA2C8FE62E0011DE9F /* Base in Resources */ = {isa = PBXBuildFile; fileRef = A3AAB8C92C8FE62E0011DE9F /* Base */; };
		A3AAB8D32C8FE7310011DE9F /* Swinject in Frameworks */ = {isa = PBXBuildFile; productRef = A3AAB8D22C8FE7310011DE9F /* Swinject */; };
/* End PBXBuildFile section */

/* Begin PBXFileReference section */
		A3AAB8BA2C8FE62D0011DE9F /* SwiftDependencyInjection.app */ = {isa = PBXFileReference; explicitFileType = wrapper.application; includeInIndex = 0; path = SwiftDependencyInjection.app; sourceTree = BUILT_PRODUCTS_DIR; };
		A3AAB8BD2C8FE62D0011DE9F /* AppDelegate.swift */ = {isa = PBXFileReference; lastKnownFileType = sourcecode.swift; path = AppDelegate.swift; sourceTree = "<group>"; };
		A3AAB8BF2C8FE62D0011DE9F /* SceneDelegate.swift */ = {isa = PBXFileReference; lastKnownFileType = sourcecode.swift; path = SceneDelegate.swift; sourceTree = "<group>"; };
		A3AAB8C12C8FE62D0011DE9F /* ViewController.swift */ = {isa = PBXFileReference; lastKnownFileType = sourcecode.swift; path = ViewController.swift; sourceTree = "<group>"; };
		A3AAB8C42C8FE62D0011DE9F /* Base */ = {isa = PBXFileReference; lastKnownFileType = file.storyboard; name = Base; path = Base.lproj/Main.storyboard; sourceTree = "<group>"; };
		A3AAB8C62C8FE62E0011DE9F /* Assets.xcassets */ = {isa = PBXFileReference; lastKnownFileType = folder.assetcatalog; path = Assets.xcassets; sourceTree = "<group>"; };
		A3AAB8C92C8FE62E0011DE9F /* Base */ = {isa = PBXFileReference; lastKnownFileType = file.storyboard; name = Base; path = Base.lproj/LaunchScreen.storyboard; sourceTree = "<group>"; };
		A3AAB8CB2C8FE62E0011DE9F /* Info.plist */ = {isa = PBXFileReference; lastKnownFileType = text.plist.xml; path = Info.plist; sourceTree = "<group>"; };
/* End PBXFileReference section */

/* Begin PBXFrameworksBuildPhase section */
		A3AAB8B72C8FE62D0011DE9F /* Frameworks */ = {
			isa = PBXFrameworksBuildPhase;
			buildActionMask = 2147483647;
			files = (
				A3AAB8D32C8FE7310011DE9F /* Swinject in Frameworks */,
			);
			runOnlyForDeploymentPostprocessing = 0;
		};
/* End PBXFrameworksBuildPhase section */

/* Begin PBXGroup section */
		A3AAB8B12C8FE62D0011DE9F = {
			isa = PBXGroup;
			children = (
				A3AAB8BC2C8FE62D0011DE9F /* SwiftDependencyInjection */,
				A3AAB8BB2C8FE62D0011DE9F /* Products */,
			);
			sourceTree = "<group>";
		};
		A3AAB8BB2C8FE62D0011DE9F /* Products */ = {
			isa = PBXGroup;
			children = (
				A3AAB8BA2C8FE62D0011DE9F /* SwiftDependencyInjection.app */,
			);
			name = Products;
			sourceTree = "<group>";
		};
		A3AAB8BC2C8FE62D0011DE9F /* SwiftDependencyInjection */ = {
			isa = PBXGroup;
			children = (
				A3AAB8BD2C8FE62D0011DE9F /* AppDelegate.swift */,
				A3AAB8BF2C8FE62D0011DE9F /* SceneDelegate.swift */,
				A3AAB8C12C8FE62D0011DE9F /* ViewController.swift */,
				A3AAB8C32C8FE62D0011DE9F /* Main.storyboard */,
				A3AAB8C62C8FE62E0011DE9F /* Assets.xcassets */,
				A3AAB8C82C8FE62E0011DE9F /* LaunchScreen.storyboard */,
				A3AAB8CB2C8FE62E0011DE9F /* Info.plist */,
			);
			path = SwiftDependencyInjection;
			sourceTree = "<group>";
		};
/* End PBXGroup section */

/* Begin PBXNativeTarget section */
		A3AAB8B92C8FE62D0011DE9F /* SwiftDependencyInjection */ = {
			isa = PBXNativeTarget;
			buildConfigurationList = A3AAB8CE2C8FE62E0011DE9F /* Build configuration list for PBXNativeTarget "SwiftDependencyInjection" */;
			buildPhases = (
				A3AAB8B62C8FE62D0011DE9F /* Sources */,
				A3AAB8B72C8FE62D0011DE9F /* Frameworks */,
				A3AAB8B82C8FE62D0011DE9F /* Resources */,
			);
			buildRules = (
			);
			dependencies = (
			);
			name = SwiftDependencyInjection;
			packageProductDependencies = (
				A3AAB8D22C8FE7310011DE9F /* Swinject */,
			);
			productName = SwiftDependencyInjection;
			productReference = A3AAB8BA2C8FE62D0011DE9F /* SwiftDependencyInjection.app */;
			productType = "com.apple.product-type.application";
		};
/* End PBXNativeTarget section */

/* Begin PBXProject section */
		A3AAB8B22C8FE62D0011DE9F /* Project object */ = {
			isa = PBXProject;
			attributes = {
				BuildIndependentTargetsInParallel = 1;
				LastSwiftUpdateCheck = 1540;
				LastUpgradeCheck = 1540;
				TargetAttributes = {
					A3AAB8B92C8FE62D0011DE9F = {
						CreatedOnToolsVersion = 15.4;
					};
				};
			};
			buildConfigurationList = A3AAB8B52C8FE62D0011DE9F /* Build configuration list for PBXProject "SwiftDependencyInjection" */;
			compatibilityVersion = "Xcode 14.0";
			developmentRegion = en;
			hasScannedForEncodings = 0;
			knownRegions = (
				en,
				Base,
			);
			mainGroup = A3AAB8B12C8FE62D0011DE9F;
			packageReferences = (
				A3AAB8D12C8FE7310011DE9F /* XCRemoteSwiftPackageReference "Swinject" */,
			);
			productRefGroup = A3AAB8BB2C8FE62D0011DE9F /* Products */;
			projectDirPath = "";
			projectRoot = "";
			targets = (
				A3AAB8B92C8FE62D0011DE9F /* SwiftDependencyInjection */,
			);
		};
/* End PBXProject section */

/* Begin PBXResourcesBuildPhase section */
		A3AAB8B82C8FE62D0011DE9F /* Resources */ = {
			isa = PBXResourcesBuildPhase;
			buildActionMask = 2147483647;
			files = (
				A3AAB8C72C8FE62E0011DE9F /* Assets.xcassets in Resources */,
				A3AAB8CA2C8FE62E0011DE9F /* Base in Resources */,
				A3AAB8C52C8FE62D0011DE9F /* Base in Resources */,
			);
			runOnlyForDeploymentPostprocessing = 0;
		};
/* End PBXResourcesBuildPhase section */

/* Begin PBXSourcesBuildPhase section */
		A3AAB8B62C8FE62D0011DE9F /* Sources */ = {
			isa = PBXSourcesBuildPhase;
			buildActionMask = 2147483647;
			files = (
				A3AAB8C22C8FE62D0011DE9F /* ViewController.swift in Sources */,
				A3AAB8BE2C8FE62D0011DE9F /* AppDelegate.swift in Sources */,
				A3AAB8C02C8FE62D0011DE9F /* SceneDelegate.swift in Sources */,
			);
			runOnlyForDeploymentPostprocessing = 0;
		};
/* End PBXSourcesBuildPhase section */

/* Begin PBXVariantGroup section */
		A3AAB8C32C8FE62D0011DE9F /* Main.storyboard */ = {
			isa = PBXVariantGroup;
			children = (
				A3AAB8C42C8FE62D0011DE9F /* Base */,
			);
			name = Main.storyboard;
			sourceTree = "<group>";
		};
		A3AAB8C82C8FE62E0011DE9F /* LaunchScreen.storyboard */ = {
			isa = PBXVariantGroup;
			children = (
				A3AAB8C92C8FE62E0011DE9F /* Base */,
			);
			name = LaunchScreen.storyboard;
			sourceTree = "<group>";
		};
/* End PBXVariantGroup section */

/* Begin XCBuildConfiguration section */
		A3AAB8CC2C8FE62E0011DE9F /* Debug */ = {
			isa = XCBuildConfiguration;
			buildSettings = {
				ALWAYS_SEARCH_USER_PATHS = NO;
				ASSETCATALOG_COMPILER_GENERATE_SWIFT_ASSET_SYMBOL_EXTENSIONS = YES;
				CLANG_ANALYZER_NONNULL = YES;
				CLANG_ANALYZER_NUMBER_OBJECT_CONVERSION = YES_AGGRESSIVE;
				CLANG_CXX_LANGUAGE_STANDARD = "gnu++20";
				CLANG_ENABLE_MODULES = YES;
				CLANG_ENABLE_OBJC_ARC = YES;
				CLANG_ENABLE_OBJC_WEAK = YES;
				CLANG_WARN_BLOCK_CAPTURE_AUTORELEASING = YES;
				CLANG_WARN_BOOL_CONVERSION = YES;
				CLANG_WARN_COMMA = YES;
				CLANG_WARN_CONSTANT_CONVERSION = YES;
				CLANG_WARN_DEPRECATED_OBJC_IMPLEMENTATIONS = YES;
				CLANG_WARN_DIRECT_OBJC_ISA_USAGE = YES_ERROR;
				CLANG_WARN_DOCUMENTATION_COMMENTS = YES;
				CLANG_WARN_EMPTY_BODY = YES;
				CLANG_WARN_ENUM_CONVERSION = YES;
				CLANG_WARN_INFINITE_RECURSION = YES;
				CLANG_WARN_INT_CONVERSION = YES;
				CLANG_WARN_NON_LITERAL_NULL_CONVERSION = YES;
				CLANG_WARN_OBJC_IMPLICIT_RETAIN_SELF = YES;
				CLANG_WARN_OBJC_LITERAL_CONVERSION = YES;
				CLANG_WARN_OBJC_ROOT_CLASS = YES_ERROR;
				CLANG_WARN_QUOTED_INCLUDE_IN_FRAMEWORK_HEADER = YES;
				CLANG_WARN_RANGE_LOOP_ANALYSIS = YES;
				CLANG_WARN_STRICT_PROTOTYPES = YES;
				CLANG_WARN_SUSPICIOUS_MOVE = YES;
				CLANG_WARN_UNGUARDED_AVAILABILITY = YES_AGGRESSIVE;
				CLANG_WARN_UNREACHABLE_CODE = YES;
				CLANG_WARN__DUPLICATE_METHOD_MATCH = YES;
				COPY_PHASE_STRIP = NO;
				DEBUG_INFORMATION_FORMAT = dwarf;
				ENABLE_STRICT_OBJC_MSGSEND = YES;
				ENABLE_TESTABILITY = YES;
				ENABLE_USER_SCRIPT_SANDBOXING = YES;
				GCC_C_LANGUAGE_STANDARD = gnu17;
				GCC_DYNAMIC_NO_PIC = NO;
				GCC_NO_COMMON_BLOCKS = YES;
				GCC_OPTIMIZATION_LEVEL = 0;
				GCC_PREPROCESSOR_DEFINITIONS = (
					"DEBUG=1",
					"$(inherited)",
				);
				GCC_WARN_64_TO_32_BIT_CONVERSION = YES;
				GCC_WARN_ABOUT_RETURN_TYPE = YES_ERROR;
				GCC_WARN_UNDECLARED_SELECTOR = YES;
				GCC_WARN_UNINITIALIZED_AUTOS = YES_AGGRESSIVE;
				GCC_WARN_UNUSED_FUNCTION = YES;
				GCC_WARN_UNUSED_VARIABLE = YES;
				IPHONEOS_DEPLOYMENT_TARGET = 17.5;
				LOCALIZATION_PREFERS_STRING_CATALOGS = YES;
				MTL_ENABLE_DEBUG_INFO = INCLUDE_SOURCE;
				MTL_FAST_MATH = YES;
				ONLY_ACTIVE_ARCH = YES;
				SDKROOT = iphoneos;
				SWIFT_ACTIVE_COMPILATION_CONDITIONS = "DEBUG $(inherited)";
				SWIFT_OPTIMIZATION_LEVEL = "-Onone";
			};
			name = Debug;
		};
		A3AAB8CD2C8FE62E0011DE9F /* Release */ = {
			isa = XCBuildConfiguration;
			buildSettings = {
				ALWAYS_SEARCH_USER_PATHS = NO;
				ASSETCATALOG_COMPILER_GENERATE_SWIFT_ASSET_SYMBOL_EXTENSIONS = YES;
				CLANG_ANALYZER_NONNULL = YES;
				CLANG_ANALYZER_NUMBER_OBJECT_CONVERSION = YES_AGGRESSIVE;
				CLANG_CXX_LANGUAGE_STANDARD = "gnu++20";
				CLANG_ENABLE_MODULES = YES;
				CLANG_ENABLE_OBJC_ARC = YES;
				CLANG_ENABLE_OBJC_WEAK = YES;
				CLANG_WARN_BLOCK_CAPTURE_AUTORELEASING = YES;
				CLANG_WARN_BOOL_CONVERSION = YES;
				CLANG_WARN_COMMA = YES;
				CLANG_WARN_CONSTANT_CONVERSION = YES;
				CLANG_WARN_DEPRECATED_OBJC_IMPLEMENTATIONS = YES;
				CLANG_WARN_DIRECT_OBJC_ISA_USAGE = YES_ERROR;
				CLANG_WARN_DOCUMENTATION_COMMENTS = YES;
				CLANG_WARN_EMPTY_BODY = YES;
				CLANG_WARN_ENUM_CONVERSION = YES;
				CLANG_WARN_INFINITE_RECURSION = YES;
				CLANG_WARN_INT_CONVERSION = YES;
				CLANG_WARN_NON_LITERAL_NULL_CONVERSION = YES;
				CLANG_WARN_OBJC_IMPLICIT_RETAIN_SELF = YES;
				CLANG_WARN_OBJC_LITERAL_CONVERSION = YES;
				CLANG_WARN_OBJC_ROOT_CLASS = YES_ERROR;
				CLANG_WARN_QUOTED_INCLUDE_IN_FRAMEWORK_HEADER = YES;
				CLANG_WARN_RANGE_LOOP_ANALYSIS = YES;
				CLANG_WARN_STRICT_PROTOTYPES = YES;
				CLANG_WARN_SUSPICIOUS_MOVE = YES;
				CLANG_WARN_UNGUARDED_AVAILABILITY = YES_AGGRESSIVE;
				CLANG_WARN_UNREACHABLE_CODE = YES;
				CLANG_WARN__DUPLICATE_METHOD_MATCH = YES;
				COPY_PHASE_STRIP = NO;
				DEBUG_INFORMATION_FORMAT = "dwarf-with-dsym";
				ENABLE_NS_ASSERTIONS = NO;
				ENABLE_STRICT_OBJC_MSGSEND = YES;
				ENABLE_USER_SCRIPT_SANDBOXING = YES;
				GCC_C_LANGUAGE_STANDARD = gnu17;
				GCC_NO_COMMON_BLOCKS = YES;
				GCC_WARN_64_TO_32_BIT_CONVERSION = YES;
				GCC_WARN_ABOUT_RETURN_TYPE = YES_ERROR;
				GCC_WARN_UNDECLARED_SELECTOR = YES;
				GCC_WARN_UNINITIALIZED_AUTOS = YES_AGGRESSIVE;
				GCC_WARN_UNUSED_FUNCTION = YES;
				GCC_WARN_UNUSED_VARIABLE = YES;
				IPHONEOS_DEPLOYMENT_TARGET = 17.5;
				LOCALIZATION_PREFERS_STRING_CATALOGS = YES;
				MTL_ENABLE_DEBUG_INFO = NO;
				MTL_FAST_MATH = YES;
				SDKROOT = iphoneos;
				SWIFT_COMPILATION_MODE = wholemodule;
				VALIDATE_PRODUCT = YES;
			};
			name = Release;
		};
		A3AAB8CF2C8FE62E0011DE9F /* Debug */ = {
			isa = XCBuildConfiguration;
			buildSettings = {
				ASSETCATALOG_COMPILER_APPICON_NAME = AppIcon;
				ASSETCATALOG_COMPILER_GLOBAL_ACCENT_COLOR_NAME = AccentColor;
				CODE_SIGN_STYLE = Automatic;
				CURRENT_PROJECT_VERSION = 1;
				DEVELOPMENT_TEAM = 699GP28SCL;
				GENERATE_INFOPLIST_FILE = YES;
				INFOPLIST_FILE = SwiftDependencyInjection/Info.plist;
				INFOPLIST_KEY_UIApplicationSupportsIndirectInputEvents = YES;
				INFOPLIST_KEY_UILaunchStoryboardName = LaunchScreen;
				INFOPLIST_KEY_UIMainStoryboardFile = Main;
				INFOPLIST_KEY_UISupportedInterfaceOrientations_iPad = "UIInterfaceOrientationPortrait UIInterfaceOrientationPortraitUpsideDown UIInterfaceOrientationLandscapeLeft UIInterfaceOrientationLandscapeRight";
				INFOPLIST_KEY_UISupportedInterfaceOrientations_iPhone = "UIInterfaceOrientationPortrait UIInterfaceOrientationLandscapeLeft UIInterfaceOrientationLandscapeRight";
				LD_RUNPATH_SEARCH_PATHS = (
					"$(inherited)",
					"@executable_path/Frameworks",
				);
				MARKETING_VERSION = 1.0;
				PRODUCT_BUNDLE_IDENTIFIER = com.marksantoro.SwiftDependencyInjection;
				PRODUCT_NAME = "$(TARGET_NAME)";
				SWIFT_EMIT_LOC_STRINGS = YES;
				SWIFT_VERSION = 5.0;
				TARGETED_DEVICE_FAMILY = "1,2";
			};
			name = Debug;
		};
		A3AAB8D02C8FE62E0011DE9F /* Release */ = {
			isa = XCBuildConfiguration;
			buildSettings = {
				ASSETCATALOG_COMPILER_APPICON_NAME = AppIcon;
				ASSETCATALOG_COMPILER_GLOBAL_ACCENT_COLOR_NAME = AccentColor;
				CODE_SIGN_STYLE = Automatic;
				CURRENT_PROJECT_VERSION = 1;
				DEVELOPMENT_TEAM = 699GP28SCL;
				GENERATE_INFOPLIST_FILE = YES;
				INFOPLIST_FILE = SwiftDependencyInjection/Info.plist;
				INFOPLIST_KEY_UIApplicationSupportsIndirectInputEvents = YES;
				INFOPLIST_KEY_UILaunchStoryboardName = LaunchScreen;
				INFOPLIST_KEY_UIMainStoryboardFile = Main;
				INFOPLIST_KEY_UISupportedInterfaceOrientations_iPad = "UIInterfaceOrientationPortrait UIInterfaceOrientationPortraitUpsideDown UIInterfaceOrientationLandscapeLeft UIInterfaceOrientationLandscapeRight";
				INFOPLIST_KEY_UISupportedInterfaceOrientations_iPhone = "UIInterfaceOrientationPortrait UIInterfaceOrientationLandscapeLeft UIInterfaceOrientationLandscapeRight";
				LD_RUNPATH_SEARCH_PATHS = (
					"$(inherited)",
					"@executable_path/Frameworks",
				);
				MARKETING_VERSION = 1.0;
				PRODUCT_BUNDLE_IDENTIFIER = com.marksantoro.SwiftDependencyInjection;
				PRODUCT_NAME = "$(TARGET_NAME)";
				SWIFT_EMIT_LOC_STRINGS = YES;
				SWIFT_VERSION = 5.0;
				TARGETED_DEVICE_FAMILY = "1,2";
			};
			name = Release;
		};
/* End XCBuildConfiguration section */

/* Begin XCConfigurationList section */
		A3AAB8B52C8FE62D0011DE9F /* Build configuration list for PBXProject "SwiftDependencyInjection" */ = {
			isa = XCConfigurationList;
			buildConfigurations = (
				A3AAB8CC2C8FE62E0011DE9F /* Debug */,
				A3AAB8CD2C8FE62E0011DE9F /* Release */,
			);
			defaultConfigurationIsVisible = 0;
			defaultConfigurationName = Release;
		};
		A3AAB8CE2C8FE62E0011DE9F /* Build configuration list for PBXNativeTarget "SwiftDependencyInjection" */ = {
			isa = XCConfigurationList;
			buildConfigurations = (
				A3AAB8CF2C8FE62E0011DE9F /* Debug */,
				A3AAB8D02C8FE62E0011DE9F /* Release */,
			);
			defaultConfigurationIsVisible = 0;
			defaultConfigurationName = Release;
		};
/* End XCConfigurationList section */

/* Begin XCRemoteSwiftPackageReference section */
		A3AAB8D12C8FE7310011DE9F /* XCRemoteSwiftPackageReference "Swinject" */ = {
			isa = XCRemoteSwiftPackageReference;
			repositoryURL = "https://github.com/Swinject/Swinject.git";
			requirement = {
				kind = upToNextMajorVersion;
				minimumVersion = 2.9.1;
			};
		};
/* End XCRemoteSwiftPackageReference section */

/* Begin XCSwiftPackageProductDependency section */
		A3AAB8D22C8FE7310011DE9F /* Swinject */ = {
			isa = XCSwiftPackageProductDependency;
			package = A3AAB8D12C8FE7310011DE9F /* XCRemoteSwiftPackageReference "Swinject" */;
			productName = Swinject;
		};
/* End XCSwiftPackageProductDependency section */
	};
	rootObject = A3AAB8B22C8FE62D0011DE9F /* Project object */;
}
